
Microsoft Visual Studio Solution File, Format Version 12.00
# Visual Studio Version 16
VisualStudioVersion = 16.0.29503.13
MinimumVisualStudioVersion = 10.0.40219.1
Project("{9A19103F-16F7-4668-BE54-9A1E7A4F7556}") = "ConsoleApp3", "ConsoleApp3\ConsoleApp3.csproj", "{FF73A2FF-490C-467F-87C2-38279BDF9942}"
EndProject
Project("{FAE04EC0-301F-11D3-BF4B-00C04F79EFBC}") = "EthernetIPLibrary", "EthernetIPLibrary\EthernetIPLibrary.csproj", "{DD119D6F-0788-44A1-9AAF-E51D6CB9939F}"
EndProject
Global
	GlobalSection(SolutionConfigurationPlatforms) = preSolution
		Debug|Any CPU = Debug|Any CPU
		Release|Any CPU = Release|Any CPU
	EndGlobalSection
	GlobalSection(ProjectConfigurationPlatforms) = postSolution
		{FF73A2FF-490C-467F-87C2-38279BDF9942}.Debug|Any CPU.ActiveCfg = Debug|Any CPU
		{FF73A2FF-490C-467F-87C2-38279BDF9942}.Debug|Any CPU.Build.0 = Debug|Any CPU
		{FF73A2FF-490C-467F-87C2-38279BDF9942}.Release|Any CPU.ActiveCfg = Release|Any CPU
		{FF73A2FF-490C-467F-87C2-38279BDF9942}.Release|Any CPU.Build.0 = Release|Any CPU
		{DD119D6F-0788-44A1-9AAF-E51D6CB9939F}.Debug|Any CPU.ActiveCfg = Debug|Any CPU
		{DD119D6F-0788-44A1-9AAF-E51D6CB9939F}.Debug|Any CPU.Build.0 = Debug|Any CPU
		{DD119D6F-0788-44A1-9AAF-E51D6CB9939F}.Release|Any CPU.ActiveCfg = Release|Any CPU
		{DD119D6F-0788-44A1-9AAF-E51D6CB9939F}.Release|Any CPU.Build.0 = Release|Any CPU
	EndGlobalSection
	GlobalSection(SolutionProperties) = preSolution
		HideSolutionNode = FALSE
	EndGlobalSection
	GlobalSection(ExtensibilityGlobals) = postSolution
		SolutionGuid = {E9B70DA8-A18B-47C0-AE10-D84D84D1B1FE}
	EndGlobalSection
EndGlobal
